
Microsoft Visual Studio Solution File, Format Version 12.00
# Visual Studio Version 17
VisualStudioVersion = 17.3.32825.248
MinimumVisualStudioVersion = 10.0.40219.1
Project("{9A19103F-16F7-4668-BE54-9A1E7A4F7556}") = "Core", "Core\Core.csproj", "{F2354341-FD4D-4EB8-9011-F18D5DA07F08}"
EndProject
Global
	GlobalSection(SolutionConfigurationPlatforms) = preSolution
		Debug|Any CPU = Debug|Any CPU
		Release|Any CPU = Release|Any CPU
	EndGlobalSection
	GlobalSection(ProjectConfigurationPlatforms) = postSolution
		{F2354341-FD4D-4EB8-9011-F18D5DA07F08}.Debug|Any CPU.ActiveCfg = Debug|Any CPU
		{F2354341-FD4D-4EB8-9011-F18D5DA07F08}.Debug|Any CPU.Build.0 = Debug|Any CPU
		{F2354341-FD4D-4EB8-9011-F18D5DA07F08}.Release|Any CPU.ActiveCfg = Release|Any CPU
		{F2354341-FD4D-4EB8-9011-F18D5DA07F08}.Release|Any CPU.Build.0 = Release|Any CPU
	EndGlobalSection
	GlobalSection(SolutionProperties) = preSolution
		HideSolutionNode = FALSE
	EndGlobalSection
	GlobalSection(NestedProjects) = preSolution
	EndGlobalSection
	GlobalSection(ExtensibilityGlobals) = postSolution
		SolutionGuid = {56476585-1F90-463C-9A04-A3D1B2ADE1B0}
	EndGlobalSection
EndGlobal
